// !$*UTF8*$!
{
	archiveVersion = 1;
	classes = {
	};
	objectVersion = 56;
	objects = {

/* Begin PBXBuildFile section */
		EB6014F2298BAD010038F9CE /* Extensions.swift in Sources */ = {isa = PBXBuildFile; fileRef = EB6014F1298BAD010038F9CE /* Extensions.swift */; };
		EBB07C89298BAA7F0080CFF7 /* SwiftUICustomProgressBarApp.swift in Sources */ = {isa = PBXBuildFile; fileRef = EBB07C88298BAA7F0080CFF7 /* SwiftUICustomProgressBarApp.swift */; };
		EBB07C8B298BAA7F0080CFF7 /* ContentView.swift in Sources */ = {isa = PBXBuildFile; fileRef = EBB07C8A298BAA7F0080CFF7 /* ContentView.swift */; };
		EBB07C8D298BAA800080CFF7 /* Assets.xcassets in Resources */ = {isa = PBXBuildFile; fileRef = EBB07C8C298BAA800080CFF7 /* Assets.xcassets */; };
		EBB07C90298BAA800080CFF7 /* Preview Assets.xcassets in Resources */ = {isa = PBXBuildFile; fileRef = EBB07C8F298BAA800080CFF7 /* Preview Assets.xcassets */; };
		EBB07C9F298BAC7C0080CFF7 /* AnimationObserverModifier.swift in Sources */ = {isa = PBXBuildFile; fileRef = EBB07C9C298BAC7C0080CFF7 /* AnimationObserverModifier.swift */; };
		EBB07CA0298BAC7C0080CFF7 /* ProgressBar.swift in Sources */ = {isa = PBXBuildFile; fileRef = EBB07C9D298BAC7C0080CFF7 /* ProgressBar.swift */; };
		EBB07CA1298BAC7C0080CFF7 /* SwiftUIEasingExtension.swift in Sources */ = {isa = PBXBuildFile; fileRef = EBB07C9E298BAC7C0080CFF7 /* SwiftUIEasingExtension.swift */; };
/* End PBXBuildFile section */

/* Begin PBXFileReference section */
		EB6014F1298BAD010038F9CE /* Extensions.swift */ = {isa = PBXFileReference; lastKnownFileType = sourcecode.swift; path = Extensions.swift; sourceTree = "<group>"; };
		EBB07C85298BAA7E0080CFF7 /* SwiftUICustomProgressBar.app */ = {isa = PBXFileReference; explicitFileType = wrapper.application; includeInIndex = 0; path = SwiftUICustomProgressBar.app; sourceTree = BUILT_PRODUCTS_DIR; };
		EBB07C88298BAA7F0080CFF7 /* SwiftUICustomProgressBarApp.swift */ = {isa = PBXFileReference; lastKnownFileType = sourcecode.swift; path = SwiftUICustomProgressBarApp.swift; sourceTree = "<group>"; };
		EBB07C8A298BAA7F0080CFF7 /* ContentView.swift */ = {isa = PBXFileReference; lastKnownFileType = sourcecode.swift; path = ContentView.swift; sourceTree = "<group>"; };
		EBB07C8C298BAA800080CFF7 /* Assets.xcassets */ = {isa = PBXFileReference; lastKnownFileType = folder.assetcatalog; path = Assets.xcassets; sourceTree = "<group>"; };
		EBB07C8F298BAA800080CFF7 /* Preview Assets.xcassets */ = {isa = PBXFileReference; lastKnownFileType = folder.assetcatalog; path = "Preview Assets.xcassets"; sourceTree = "<group>"; };
		EBB07C9C298BAC7C0080CFF7 /* AnimationObserverModifier.swift */ = {isa = PBXFileReference; fileEncoding = 4; lastKnownFileType = sourcecode.swift; path = AnimationObserverModifier.swift; sourceTree = "<group>"; };
		EBB07C9D298BAC7C0080CFF7 /* ProgressBar.swift */ = {isa = PBXFileReference; fileEncoding = 4; lastKnownFileType = sourcecode.swift; path = ProgressBar.swift; sourceTree = "<group>"; };
		EBB07C9E298BAC7C0080CFF7 /* SwiftUIEasingExtension.swift */ = {isa = PBXFileReference; fileEncoding = 4; lastKnownFileType = sourcecode.swift; path = SwiftUIEasingExtension.swift; sourceTree = "<group>"; };
/* End PBXFileReference section */

/* Begin PBXFrameworksBuildPhase section */
		EBB07C82298BAA7E0080CFF7 /* Frameworks */ = {
			isa = PBXFrameworksBuildPhase;
			buildActionMask = 2147483647;
			files = (
			);
			runOnlyForDeploymentPostprocessing = 0;
		};
/* End PBXFrameworksBuildPhase section */

/* Begin PBXGroup section */
		EBB07C7C298BAA7E0080CFF7 = {
			isa = PBXGroup;
			children = (
				EBB07C87298BAA7E0080CFF7 /* SwiftUICustomProgressBar */,
				EBB07C86298BAA7E0080CFF7 /* Products */,
			);
			sourceTree = "<group>";
		};
		EBB07C86298BAA7E0080CFF7 /* Products */ = {
			isa = PBXGroup;
			children = (
				EBB07C85298BAA7E0080CFF7 /* SwiftUICustomProgressBar.app */,
			);
			name = Products;
			sourceTree = "<group>";
		};
		EBB07C87298BAA7E0080CFF7 /* SwiftUICustomProgressBar */ = {
			isa = PBXGroup;
			children = (
				EBB07C9C298BAC7C0080CFF7 /* AnimationObserverModifier.swift */,
				EBB07C9D298BAC7C0080CFF7 /* ProgressBar.swift */,
				EBB07C9E298BAC7C0080CFF7 /* SwiftUIEasingExtension.swift */,
				EBB07C88298BAA7F0080CFF7 /* SwiftUICustomProgressBarApp.swift */,
				EBB07C8A298BAA7F0080CFF7 /* ContentView.swift */,
				EBB07C8C298BAA800080CFF7 /* Assets.xcassets */,
				EBB07C8E298BAA800080CFF7 /* Preview Content */,
				EB6014F1298BAD010038F9CE /* Extensions.swift */,
			);
			path = SwiftUICustomProgressBar;
			sourceTree = "<group>";
		};
		EBB07C8E298BAA800080CFF7 /* Preview Content */ = {
			isa = PBXGroup;
			children = (
				EBB07C8F298BAA800080CFF7 /* Preview Assets.xcassets */,
			);
			path = "Preview Content";
			sourceTree = "<group>";
		};
/* End PBXGroup section */

/* Begin PBXNativeTarget section */
		EBB07C84298BAA7E0080CFF7 /* SwiftUICustomProgressBar */ = {
			isa = PBXNativeTarget;
			buildConfigurationList = EBB07C93298BAA800080CFF7 /* Build configuration list for PBXNativeTarget "SwiftUICustomProgressBar" */;
			buildPhases = (
				EBB07C81298BAA7E0080CFF7 /* Sources */,
				EBB07C82298BAA7E0080CFF7 /* Frameworks */,
				EBB07C83298BAA7E0080CFF7 /* Resources */,
			);
			buildRules = (
			);
			dependencies = (
			);
			name = SwiftUICustomProgressBar;
			productName = SwiftUICustomProgressBar;
			productReference = EBB07C85298BAA7E0080CFF7 /* SwiftUICustomProgressBar.app */;
			productType = "com.apple.product-type.application";
		};
/* End PBXNativeTarget section */

/* Begin PBXProject section */
		EBB07C7D298BAA7E0080CFF7 /* Project object */ = {
			isa = PBXProject;
			attributes = {
				BuildIndependentTargetsInParallel = 1;
				LastSwiftUpdateCheck = 1400;
				LastUpgradeCheck = 1400;
				TargetAttributes = {
					EBB07C84298BAA7E0080CFF7 = {
						CreatedOnToolsVersion = 14.0.1;
					};
				};
			};
			buildConfigurationList = EBB07C80298BAA7E0080CFF7 /* Build configuration list for PBXProject "SwiftUICustomProgressBar" */;
			compatibilityVersion = "Xcode 14.0";
			developmentRegion = en;
			hasScannedForEncodings = 0;
			knownRegions = (
				en,
				Base,
			);
			mainGroup = EBB07C7C298BAA7E0080CFF7;
			productRefGroup = EBB07C86298BAA7E0080CFF7 /* Products */;
			projectDirPath = "";
			projectRoot = "";
			targets = (
				EBB07C84298BAA7E0080CFF7 /* SwiftUICustomProgressBar */,
			);
		};
/* End PBXProject section */

/* Begin PBXResourcesBuildPhase section */
		EBB07C83298BAA7E0080CFF7 /* Resources */ = {
			isa = PBXResourcesBuildPhase;
			buildActionMask = 2147483647;
			files = (
				EBB07C90298BAA800080CFF7 /* Preview Assets.xcassets in Resources */,
				EBB07C8D298BAA800080CFF7 /* Assets.xcassets in Resources */,
			);
			runOnlyForDeploymentPostprocessing = 0;
		};
/* End PBXResourcesBuildPhase section */

/* Begin PBXSourcesBuildPhase section */
		EBB07C81298BAA7E0080CFF7 /* Sources */ = {
			isa = PBXSourcesBuildPhase;
			buildActionMask = 2147483647;
			files = (
				EBB07C8B298BAA7F0080CFF7 /* ContentView.swift in Sources */,
				EB6014F2298BAD010038F9CE /* Extensions.swift in Sources */,
				EBB07C89298BAA7F0080CFF7 /* SwiftUICustomProgressBarApp.swift in Sources */,
				EBB07CA0298BAC7C0080CFF7 /* ProgressBar.swift in Sources */,
				EBB07C9F298BAC7C0080CFF7 /* AnimationObserverModifier.swift in Sources */,
				EBB07CA1298BAC7C0080CFF7 /* SwiftUIEasingExtension.swift in Sources */,
			);
			runOnlyForDeploymentPostprocessing = 0;
		};
/* End PBXSourcesBuildPhase section */

/* Begin XCBuildConfiguration section */
		EBB07C91298BAA800080CFF7 /* Debug */ = {
			isa = XCBuildConfiguration;
			buildSettings = {
				ALWAYS_SEARCH_USER_PATHS = NO;
				CLANG_ANALYZER_NONNULL = YES;
				CLANG_ANALYZER_NUMBER_OBJECT_CONVERSION = YES_AGGRESSIVE;
				CLANG_CXX_LANGUAGE_STANDARD = "gnu++20";
				CLANG_ENABLE_MODULES = YES;
				CLANG_ENABLE_OBJC_ARC = YES;
				CLANG_ENABLE_OBJC_WEAK = YES;
				CLANG_WARN_BLOCK_CAPTURE_AUTORELEASING = YES;
				CLANG_WARN_BOOL_CONVERSION = YES;
				CLANG_WARN_COMMA = YES;
				CLANG_WARN_CONSTANT_CONVERSION = YES;
				CLANG_WARN_DEPRECATED_OBJC_IMPLEMENTATIONS = YES;
				CLANG_WARN_DIRECT_OBJC_ISA_USAGE = YES_ERROR;
				CLANG_WARN_DOCUMENTATION_COMMENTS = YES;
				CLANG_WARN_EMPTY_BODY = YES;
				CLANG_WARN_ENUM_CONVERSION = YES;
				CLANG_WARN_INFINITE_RECURSION = YES;
				CLANG_WARN_INT_CONVERSION = YES;
				CLANG_WARN_NON_LITERAL_NULL_CONVERSION = YES;
				CLANG_WARN_OBJC_IMPLICIT_RETAIN_SELF = YES;
				CLANG_WARN_OBJC_LITERAL_CONVERSION = YES;
				CLANG_WARN_OBJC_ROOT_CLASS = YES_ERROR;
				CLANG_WARN_QUOTED_INCLUDE_IN_FRAMEWORK_HEADER = YES;
				CLANG_WARN_RANGE_LOOP_ANALYSIS = YES;
				CLANG_WARN_STRICT_PROTOTYPES = YES;
				CLANG_WARN_SUSPICIOUS_MOVE = YES;
				CLANG_WARN_UNGUARDED_AVAILABILITY = YES_AGGRESSIVE;
				CLANG_WARN_UNREACHABLE_CODE = YES;
				CLANG_WARN__DUPLICATE_METHOD_MATCH = YES;
				COPY_PHASE_STRIP = NO;
				DEBUG_INFORMATION_FORMAT = dwarf;
				ENABLE_STRICT_OBJC_MSGSEND = YES;
				ENABLE_TESTABILITY = YES;
				GCC_C_LANGUAGE_STANDARD = gnu11;
				GCC_DYNAMIC_NO_PIC = NO;
				GCC_NO_COMMON_BLOCKS = YES;
				GCC_OPTIMIZATION_LEVEL = 0;
				GCC_PREPROCESSOR_DEFINITIONS = (
					"DEBUG=1",
					"$(inherited)",
				);
				GCC_WARN_64_TO_32_BIT_CONVERSION = YES;
				GCC_WARN_ABOUT_RETURN_TYPE = YES_ERROR;
				GCC_WARN_UNDECLARED_SELECTOR = YES;
				GCC_WARN_UNINITIALIZED_AUTOS = YES_AGGRESSIVE;
				GCC_WARN_UNUSED_FUNCTION = YES;
				GCC_WARN_UNUSED_VARIABLE = YES;
				IPHONEOS_DEPLOYMENT_TARGET = 16.0;
				MTL_ENABLE_DEBUG_INFO = INCLUDE_SOURCE;
				MTL_FAST_MATH = YES;
				ONLY_ACTIVE_ARCH = YES;
				SDKROOT = iphoneos;
				SWIFT_ACTIVE_COMPILATION_CONDITIONS = DEBUG;
				SWIFT_OPTIMIZATION_LEVEL = "-Onone";
			};
			name = Debug;
		};
		EBB07C92298BAA800080CFF7 /* Release */ = {
			isa = XCBuildConfiguration;
			buildSettings = {
				ALWAYS_SEARCH_USER_PATHS = NO;
				CLANG_ANALYZER_NONNULL = YES;
				CLANG_ANALYZER_NUMBER_OBJECT_CONVERSION = YES_AGGRESSIVE;
				CLANG_CXX_LANGUAGE_STANDARD = "gnu++20";
				CLANG_ENABLE_MODULES = YES;
				CLANG_ENABLE_OBJC_ARC = YES;
				CLANG_ENABLE_OBJC_WEAK = YES;
				CLANG_WARN_BLOCK_CAPTURE_AUTORELEASING = YES;
				CLANG_WARN_BOOL_CONVERSION = YES;
				CLANG_WARN_COMMA = YES;
				CLANG_WARN_CONSTANT_CONVERSION = YES;
				CLANG_WARN_DEPRECATED_OBJC_IMPLEMENTATIONS = YES;
				CLANG_WARN_DIRECT_OBJC_ISA_USAGE = YES_ERROR;
				CLANG_WARN_DOCUMENTATION_COMMENTS = YES;
				CLANG_WARN_EMPTY_BODY = YES;
				CLANG_WARN_ENUM_CONVERSION = YES;
				CLANG_WARN_INFINITE_RECURSION = YES;
				CLANG_WARN_INT_CONVERSION = YES;
				CLANG_WARN_NON_LITERAL_NULL_CONVERSION = YES;
				CLANG_WARN_OBJC_IMPLICIT_RETAIN_SELF = YES;
				CLANG_WARN_OBJC_LITERAL_CONVERSION = YES;
				CLANG_WARN_OBJC_ROOT_CLASS = YES_ERROR;
				CLANG_WARN_QUOTED_INCLUDE_IN_FRAMEWORK_HEADER = YES;
				CLANG_WARN_RANGE_LOOP_ANALYSIS = YES;
				CLANG_WARN_STRICT_PROTOTYPES = YES;
				CLANG_WARN_SUSPICIOUS_MOVE = YES;
				CLANG_WARN_UNGUARDED_AVAILABILITY = YES_AGGRESSIVE;
				CLANG_WARN_UNREACHABLE_CODE = YES;
				CLANG_WARN__DUPLICATE_METHOD_MATCH = YES;
				COPY_PHASE_STRIP = NO;
				DEBUG_INFORMATION_FORMAT = "dwarf-with-dsym";
				ENABLE_NS_ASSERTIONS = NO;
				ENABLE_STRICT_OBJC_MSGSEND = YES;
				GCC_C_LANGUAGE_STANDARD = gnu11;
				GCC_NO_COMMON_BLOCKS = YES;
				GCC_WARN_64_TO_32_BIT_CONVERSION = YES;
				GCC_WARN_ABOUT_RETURN_TYPE = YES_ERROR;
				GCC_WARN_UNDECLARED_SELECTOR = YES;
				GCC_WARN_UNINITIALIZED_AUTOS = YES_AGGRESSIVE;
				GCC_WARN_UNUSED_FUNCTION = YES;
				GCC_WARN_UNUSED_VARIABLE = YES;
				IPHONEOS_DEPLOYMENT_TARGET = 16.0;
				MTL_ENABLE_DEBUG_INFO = NO;
				MTL_FAST_MATH = YES;
				SDKROOT = iphoneos;
				SWIFT_COMPILATION_MODE = wholemodule;
				SWIFT_OPTIMIZATION_LEVEL = "-O";
				VALIDATE_PRODUCT = YES;
			};
			name = Release;
		};
		EBB07C94298BAA800080CFF7 /* Debug */ = {
			isa = XCBuildConfiguration;
			buildSettings = {
				ASSETCATALOG_COMPILER_APPICON_NAME = AppIcon;
				ASSETCATALOG_COMPILER_GLOBAL_ACCENT_COLOR_NAME = AccentColor;
				CODE_SIGN_STYLE = Automatic;
				CURRENT_PROJECT_VERSION = 1;
				DEVELOPMENT_ASSET_PATHS = "\"SwiftUICustomProgressBar/Preview Content\"";
				ENABLE_PREVIEWS = YES;
				GENERATE_INFOPLIST_FILE = YES;
				INFOPLIST_KEY_UIApplicationSceneManifest_Generation = YES;
				INFOPLIST_KEY_UIApplicationSupportsIndirectInputEvents = YES;
				INFOPLIST_KEY_UILaunchScreen_Generation = YES;
				INFOPLIST_KEY_UISupportedInterfaceOrientations_iPad = "UIInterfaceOrientationPortrait UIInterfaceOrientationPortraitUpsideDown UIInterfaceOrientationLandscapeLeft UIInterfaceOrientationLandscapeRight";
				INFOPLIST_KEY_UISupportedInterfaceOrientations_iPhone = "UIInterfaceOrientationPortrait UIInterfaceOrientationLandscapeLeft UIInterfaceOrientationLandscapeRight";
				IPHONEOS_DEPLOYMENT_TARGET = 14.0;
				LD_RUNPATH_SEARCH_PATHS = (
					"$(inherited)",
					"@executable_path/Frameworks",
				);
				MARKETING_VERSION = 1.0;
				PRODUCT_BUNDLE_IDENTIFIER = com.yasuohasegawa.dev.SwiftUICustomProgressBar;
				PRODUCT_NAME = "$(TARGET_NAME)";
				SWIFT_EMIT_LOC_STRINGS = YES;
				SWIFT_VERSION = 5.0;
				TARGETED_DEVICE_FAMILY = "1,2";
			};
			name = Debug;
		};
		EBB07C95298BAA800080CFF7 /* Release */ = {
			isa = XCBuildConfiguration;
			buildSettings = {
				ASSETCATALOG_COMPILER_APPICON_NAME = AppIcon;
				ASSETCATALOG_COMPILER_GLOBAL_ACCENT_COLOR_NAME = AccentColor;
				CODE_SIGN_STYLE = Automatic;
				CURRENT_PROJECT_VERSION = 1;
				DEVELOPMENT_ASSET_PATHS = "\"SwiftUICustomProgressBar/Preview Content\"";
				ENABLE_PREVIEWS = YES;
				GENERATE_INFOPLIST_FILE = YES;
				INFOPLIST_KEY_UIApplicationSceneManifest_Generation = YES;
				INFOPLIST_KEY_UIApplicationSupportsIndirectInputEvents = YES;
				INFOPLIST_KEY_UILaunchScreen_Generation = YES;
				INFOPLIST_KEY_UISupportedInterfaceOrientations_iPad = "UIInterfaceOrientationPortrait UIInterfaceOrientationPortraitUpsideDown UIInterfaceOrientationLandscapeLeft UIInterfaceOrientationLandscapeRight";
				INFOPLIST_KEY_UISupportedInterfaceOrientations_iPhone = "UIInterfaceOrientationPortrait UIInterfaceOrientationLandscapeLeft UIInterfaceOrientationLandscapeRight";
				IPHONEOS_DEPLOYMENT_TARGET = 14.0;
				LD_RUNPATH_SEARCH_PATHS = (
					"$(inherited)",
					"@executable_path/Frameworks",
				);
				MARKETING_VERSION = 1.0;
				PRODUCT_BUNDLE_IDENTIFIER = com.yasuohasegawa.dev.SwiftUICustomProgressBar;
				PRODUCT_NAME = "$(TARGET_NAME)";
				SWIFT_EMIT_LOC_STRINGS = YES;
				SWIFT_VERSION = 5.0;
				TARGETED_DEVICE_FAMILY = "1,2";
			};
			name = Release;
		};
/* End XCBuildConfiguration section */

/* Begin XCConfigurationList section */
		EBB07C80298BAA7E0080CFF7 /* Build configuration list for PBXProject "SwiftUICustomProgressBar" */ = {
			isa = XCConfigurationList;
			buildConfigurations = (
				EBB07C91298BAA800080CFF7 /* Debug */,
				EBB07C92298BAA800080CFF7 /* Release */,
			);
			defaultConfigurationIsVisible = 0;
			defaultConfigurationName = Release;
		};
		EBB07C93298BAA800080CFF7 /* Build configuration list for PBXNativeTarget "SwiftUICustomProgressBar" */ = {
			isa = XCConfigurationList;
			buildConfigurations = (
				EBB07C94298BAA800080CFF7 /* Debug */,
				EBB07C95298BAA800080CFF7 /* Release */,
			);
			defaultConfigurationIsVisible = 0;
			defaultConfigurationName = Release;
		};
/* End XCConfigurationList section */
	};
	rootObject = EBB07C7D298BAA7E0080CFF7 /* Project object */;
}
